// !$*UTF8*$!
{
	archiveVersion = 1;
	classes = {
	};
	objectVersion = 46;
	objects = {

/* Begin PBXBuildFile section */
		DE6388F619684748008D5B9D /* Utilities.m in Sources */ = {isa = PBXBuildFile; fileRef = DE6388F519684748008D5B9D /* Utilities.m */; };
		DE63890A19687EFF008D5B9D /* button_bar_options_enabled@2x.png in Resources */ = {isa = PBXBuildFile; fileRef = DE6388F719687EFF008D5B9D /* button_bar_options_enabled@2x.png */; };
		DE63890B19687EFF008D5B9D /* button_bar_pause_enabled@2x.png in Resources */ = {isa = PBXBuildFile; fileRef = DE6388F819687EFF008D5B9D /* button_bar_pause_enabled@2x.png */; };
		DE63890C19687EFF008D5B9D /* button_bar_replay_enabled@2x.png in Resources */ = {isa = PBXBuildFile; fileRef = DE6388F919687EFF008D5B9D /* button_bar_replay_enabled@2x.png */; };
		DE63890D19687EFF008D5B9D /* button_bar_stop_enabled@2x.png in Resources */ = {isa = PBXBuildFile; fileRef = DE6388FA19687EFF008D5B9D /* button_bar_stop_enabled@2x.png */; };
		DE63890E19687EFF008D5B9D /* button_big_like_enabled@2x.png in Resources */ = {isa = PBXBuildFile; fileRef = DE6388FB19687EFF008D5B9D /* button_big_like_enabled@2x.png */; };
		DE63890F19687EFF008D5B9D /* button_big_play_enabled@2x.png in Resources */ = {isa = PBXBuildFile; fileRef = DE6388FC19687EFF008D5B9D /* button_big_play_enabled@2x.png */; };
		DE63891019687EFF008D5B9D /* button_big_replay_enabled@2x.png in Resources */ = {isa = PBXBuildFile; fileRef = DE6388FD19687EFF008D5B9D /* button_big_replay_enabled@2x.png */; };
		DE63891119687EFF008D5B9D /* button_big_share_enabled@2x.png in Resources */ = {isa = PBXBuildFile; fileRef = DE6388FE19687EFF008D5B9D /* button_big_share_enabled@2x.png */; };
		DE63891219687EFF008D5B9D /* button_main_record_enabled@2x.png in Resources */ = {isa = PBXBuildFile; fileRef = DE6388FF19687EFF008D5B9D /* button_main_record_enabled@2x.png */; };
		DE63891319687EFF008D5B9D /* button_main_reply_enabled@2x.png in Resources */ = {isa = PBXBuildFile; fileRef = DE63890019687EFF008D5B9D /* button_main_reply_enabled@2x.png */; };
		DE63891419687EFF008D5B9D /* button_nav_events_enabled@2x.png in Resources */ = {isa = PBXBuildFile; fileRef = DE63890119687EFF008D5B9D /* button_nav_events_enabled@2x.png */; };
		DE63891519687EFF008D5B9D /* button_nav_profile_enabled@2x.png in Resources */ = {isa = PBXBuildFile; fileRef = DE63890219687EFF008D5B9D /* button_nav_profile_enabled@2x.png */; };
		DE63891619687EFF008D5B9D /* button_nav_search_enabled@2x.png in Resources */ = {isa = PBXBuildFile; fileRef = DE63890319687EFF008D5B9D /* button_nav_search_enabled@2x.png */; };
		DE63891719687EFF008D5B9D /* button_player_pause_enabled@2x.png in Resources */ = {isa = PBXBuildFile; fileRef = DE63890419687EFF008D5B9D /* button_player_pause_enabled@2x.png */; };
		DE63891819687EFF008D5B9D /* button_player_play_enabled@2x.png in Resources */ = {isa = PBXBuildFile; fileRef = DE63890519687EFF008D5B9D /* button_player_play_enabled@2x.png */; };
		DE63891919687EFF008D5B9D /* button_profile_settings@2x.png in Resources */ = {isa = PBXBuildFile; fileRef = DE63890619687EFF008D5B9D /* button_profile_settings@2x.png */; };
		DE63891A19687EFF008D5B9D /* button_record_cancel_enabled@2x.png in Resources */ = {isa = PBXBuildFile; fileRef = DE63890719687EFF008D5B9D /* button_record_cancel_enabled@2x.png */; };
		DE63891B19687EFF008D5B9D /* button_record_confirm_enabled@2x.png in Resources */ = {isa = PBXBuildFile; fileRef = DE63890819687EFF008D5B9D /* button_record_confirm_enabled@2x.png */; };
		DE63891C19687EFF008D5B9D /* icon_post_time@2x.png in Resources */ = {isa = PBXBuildFile; fileRef = DE63890919687EFF008D5B9D /* icon_post_time@2x.png */; };
		DE63891E196893E2008D5B9D /* arrow_hint@2x.png in Resources */ = {isa = PBXBuildFile; fileRef = DE63891D196893E2008D5B9D /* arrow_hint@2x.png */; };
		DE63892419689A08008D5B9D /* button_big_like_selected@2x.png in Resources */ = {isa = PBXBuildFile; fileRef = DE63891F19689A08008D5B9D /* button_big_like_selected@2x.png */; };
		DE63892519689A08008D5B9D /* button_nav_events_selected@2x.png in Resources */ = {isa = PBXBuildFile; fileRef = DE63892019689A08008D5B9D /* button_nav_events_selected@2x.png */; };
		DE63892619689A08008D5B9D /* button_nav_profile_selected@2x.png in Resources */ = {isa = PBXBuildFile; fileRef = DE63892119689A08008D5B9D /* button_nav_profile_selected@2x.png */; };
		DE63892719689A08008D5B9D /* button_nav_search_selected@2x.png in Resources */ = {isa = PBXBuildFile; fileRef = DE63892219689A08008D5B9D /* button_nav_search_selected@2x.png */; };
		DE63892819689A08008D5B9D /* button_recird_cancel_enabled@2x.png in Resources */ = {isa = PBXBuildFile; fileRef = DE63892319689A08008D5B9D /* button_recird_cancel_enabled@2x.png */; };
		DE63892C19689B3A008D5B9D /* arrow_bar_left@2x.png in Resources */ = {isa = PBXBuildFile; fileRef = DE63892919689B3A008D5B9D /* arrow_bar_left@2x.png */; };
		DE63892D19689B3A008D5B9D /* arrow_bar_right@2x.png in Resources */ = {isa = PBXBuildFile; fileRef = DE63892A19689B3A008D5B9D /* arrow_bar_right@2x.png */; };
		DE63892E19689B3A008D5B9D /* arrow_content_right@2x.png in Resources */ = {isa = PBXBuildFile; fileRef = DE63892B19689B3A008D5B9D /* arrow_content_right@2x.png */; };
		DE6389301968A546008D5B9D /* 1024_parrot_ios_full.png in Resources */ = {isa = PBXBuildFile; fileRef = DE63892F1968A546008D5B9D /* 1024_parrot_ios_full.png */; };
		DE6389331968A5CE008D5B9D /* iphone_retina_splashscreen@2x.png in Resources */ = {isa = PBXBuildFile; fileRef = DE6389311968A5CE008D5B9D /* iphone_retina_splashscreen@2x.png */; };
		DE6389341968A5CE008D5B9D /* iphone_splashscreen@2x.png in Resources */ = {isa = PBXBuildFile; fileRef = DE6389321968A5CE008D5B9D /* iphone_splashscreen@2x.png */; };
		DE6389361969A210008D5B9D /* Default-568h@2x.png in Resources */ = {isa = PBXBuildFile; fileRef = DE6389351969A210008D5B9D /* Default-568h@2x.png */; };
		DE9DFC5C1965F0EC00908ED7 /* UserProfile.m in Sources */ = {isa = PBXBuildFile; fileRef = DE9DFC5B1965F0EC00908ED7 /* UserProfile.m */; };
		DE9DFC621965FC3200908ED7 /* UIImage+Additions.m in Sources */ = {isa = PBXBuildFile; fileRef = DE9DFC611965FC3200908ED7 /* UIImage+Additions.m */; };
		DE9DFC661966062300908ED7 /* Spoke.m in Sources */ = {isa = PBXBuildFile; fileRef = DE9DFC651966062300908ED7 /* Spoke.m */; };
		DEAA901A19634F960036B6BF /* ProfileViewController.m in Sources */ = {isa = PBXBuildFile; fileRef = DEAA901919634F960036B6BF /* ProfileViewController.m */; };
		DEAA901D196350A40036B6BF /* WallViewController.m in Sources */ = {isa = PBXBuildFile; fileRef = DEAA901C196350A40036B6BF /* WallViewController.m */; };
		DEAA9020196350B20036B6BF /* SearchViewController.m in Sources */ = {isa = PBXBuildFile; fileRef = DEAA901F196350B20036B6BF /* SearchViewController.m */; };
		DEAA9022196355CF0036B6BF /* GLKit.framework in Frameworks */ = {isa = PBXBuildFile; fileRef = DEAA9021196355CF0036B6BF /* GLKit.framework */; };
		DEAA9040196356170036B6BF /* AEFloatConverter.m in Sources */ = {isa = PBXBuildFile; fileRef = DEAA9026196356170036B6BF /* AEFloatConverter.m */; };
		DEAA9041196356170036B6BF /* EZAudio.m in Sources */ = {isa = PBXBuildFile; fileRef = DEAA9028196356170036B6BF /* EZAudio.m */; };
		DEAA9042196356170036B6BF /* EZAudioFile.m in Sources */ = {isa = PBXBuildFile; fileRef = DEAA902A196356170036B6BF /* EZAudioFile.m */; };
		DEAA9043196356170036B6BF /* EZAudioPlayer.m in Sources */ = {isa = PBXBuildFile; fileRef = DEAA902C196356170036B6BF /* EZAudioPlayer.m */; };
		DEAA9044196356170036B6BF /* EZAudioPlot.m in Sources */ = {isa = PBXBuildFile; fileRef = DEAA902E196356170036B6BF /* EZAudioPlot.m */; };
		DEAA9045196356170036B6BF /* EZAudioPlotGL.m in Sources */ = {isa = PBXBuildFile; fileRef = DEAA9030196356170036B6BF /* EZAudioPlotGL.m */; };
		DEAA9046196356170036B6BF /* EZAudioPlotGLKViewController.m in Sources */ = {isa = PBXBuildFile; fileRef = DEAA9032196356170036B6BF /* EZAudioPlotGLKViewController.m */; };
		DEAA9047196356170036B6BF /* EZMicrophone.m in Sources */ = {isa = PBXBuildFile; fileRef = DEAA9034196356170036B6BF /* EZMicrophone.m */; };
		DEAA9048196356170036B6BF /* EZOutput.m in Sources */ = {isa = PBXBuildFile; fileRef = DEAA9036196356170036B6BF /* EZOutput.m */; };
		DEAA9049196356170036B6BF /* EZPlot.m in Sources */ = {isa = PBXBuildFile; fileRef = DEAA9038196356170036B6BF /* EZPlot.m */; };
		DEAA904A196356170036B6BF /* EZRecorder.m in Sources */ = {isa = PBXBuildFile; fileRef = DEAA903A196356170036B6BF /* EZRecorder.m */; };
		DEAA904B196356170036B6BF /* TPCircularBuffer.c in Sources */ = {isa = PBXBuildFile; fileRef = DEAA903B196356170036B6BF /* TPCircularBuffer.c */; };
		DEAA904C196356170036B6BF /* CHANGELOG in Resources */ = {isa = PBXBuildFile; fileRef = DEAA903E196356170036B6BF /* CHANGELOG */; };
		DEAA904D196356170036B6BF /* VERSION in Resources */ = {isa = PBXBuildFile; fileRef = DEAA903F196356170036B6BF /* VERSION */; };
		DEAA9051196356C70036B6BF /* RecordViewController.m in Sources */ = {isa = PBXBuildFile; fileRef = DEAA9050196356C70036B6BF /* RecordViewController.m */; };
		DECADBCD1961EA300024D067 /* Foundation.framework in Frameworks */ = {isa = PBXBuildFile; fileRef = DECADBCC1961EA300024D067 /* Foundation.framework */; };
		DECADBCF1961EA300024D067 /* CoreGraphics.framework in Frameworks */ = {isa = PBXBuildFile; fileRef = DECADBCE1961EA300024D067 /* CoreGraphics.framework */; };
		DECADBD11961EA300024D067 /* UIKit.framework in Frameworks */ = {isa = PBXBuildFile; fileRef = DECADBD01961EA300024D067 /* UIKit.framework */; };
		DECADBD71961EA300024D067 /* InfoPlist.strings in Resources */ = {isa = PBXBuildFile; fileRef = DECADBD51961EA300024D067 /* InfoPlist.strings */; };
		DECADBD91961EA300024D067 /* main.m in Sources */ = {isa = PBXBuildFile; fileRef = DECADBD81961EA300024D067 /* main.m */; };
		DECADBE01961EA300024D067 /* Main.storyboard in Resources */ = {isa = PBXBuildFile; fileRef = DECADBDE1961EA300024D067 /* Main.storyboard */; };
		DECADBE51961EA300024D067 /* Images.xcassets in Resources */ = {isa = PBXBuildFile; fileRef = DECADBE41961EA300024D067 /* Images.xcassets */; };
		DECADBED1961EA310024D067 /* Foundation.framework in Frameworks */ = {isa = PBXBuildFile; fileRef = DECADBCC1961EA300024D067 /* Foundation.framework */; };
		DECADBEE1961EA310024D067 /* UIKit.framework in Frameworks */ = {isa = PBXBuildFile; fileRef = DECADBD01961EA300024D067 /* UIKit.framework */; };
		DECADBF61961EA310024D067 /* InfoPlist.strings in Resources */ = {isa = PBXBuildFile; fileRef = DECADBF41961EA310024D067 /* InfoPlist.strings */; };
		DECADBF81961EA310024D067 /* ParrotTests.m in Sources */ = {isa = PBXBuildFile; fileRef = DECADBF71961EA310024D067 /* ParrotTests.m */; };
		DECADC061961EBF40024D067 /* login-button-small-pressed.png in Resources */ = {isa = PBXBuildFile; fileRef = DECADC041961EBF40024D067 /* login-button-small-pressed.png */; };
		DECADC071961EBF40024D067 /* login-button-small.png in Resources */ = {isa = PBXBuildFile; fileRef = DECADC051961EBF40024D067 /* login-button-small.png */; };
		DECADC0C1961EC160024D067 /* AppDelegate.m in Sources */ = {isa = PBXBuildFile; fileRef = DECADC091961EC160024D067 /* AppDelegate.m */; };
		DECADC0F1961EC450024D067 /* AVFoundation.framework in Frameworks */ = {isa = PBXBuildFile; fileRef = DECADC0E1961EC450024D067 /* AVFoundation.framework */; };
		DECADC121961EC9E0024D067 /* FacebookSDK.framework in Frameworks */ = {isa = PBXBuildFile; fileRef = DECADC101961EC9E0024D067 /* FacebookSDK.framework */; };
		DECADC131961EC9E0024D067 /* Parse.framework in Frameworks */ = {isa = PBXBuildFile; fileRef = DECADC111961EC9E0024D067 /* Parse.framework */; };
		DECADC151961ECB00024D067 /* CoreLocation.framework in Frameworks */ = {isa = PBXBuildFile; fileRef = DECADC141961ECB00024D067 /* CoreLocation.framework */; };
		DECADC171961ECB80024D067 /* AudioToolbox.framework in Frameworks */ = {isa = PBXBuildFile; fileRef = DECADC161961ECB80024D067 /* AudioToolbox.framework */; };
		DECADC191961ECC20024D067 /* CFNetwork.framework in Frameworks */ = {isa = PBXBuildFile; fileRef = DECADC181961ECC20024D067 /* CFNetwork.framework */; };
		DECADC1B1961ECDA0024D067 /* libz.dylib in Frameworks */ = {isa = PBXBuildFile; fileRef = DECADC1A1961ECDA0024D067 /* libz.dylib */; };
		DECADC1D1961ECE60024D067 /* MobileCoreServices.framework in Frameworks */ = {isa = PBXBuildFile; fileRef = DECADC1C1961ECE60024D067 /* MobileCoreServices.framework */; };
		DECADC1F1961ECEC0024D067 /* QuartzCore.framework in Frameworks */ = {isa = PBXBuildFile; fileRef = DECADC1E1961ECEC0024D067 /* QuartzCore.framework */; };
		DECADC211961ECF30024D067 /* Security.framework in Frameworks */ = {isa = PBXBuildFile; fileRef = DECADC201961ECF30024D067 /* Security.framework */; };
		DECADC231961ECF90024D067 /* StoreKit.framework in Frameworks */ = {isa = PBXBuildFile; fileRef = DECADC221961ECF90024D067 /* StoreKit.framework */; };
		DECADC251961ED010024D067 /* SystemConfiguration.framework in Frameworks */ = {isa = PBXBuildFile; fileRef = DECADC241961ED010024D067 /* SystemConfiguration.framework */; };
		DECADC291961EE3D0024D067 /* LoginViewController.m in Sources */ = {isa = PBXBuildFile; fileRef = DECADC281961EE3D0024D067 /* LoginViewController.m */; };
		DECADC2C1961EEF50024D067 /* MainViewController.m in Sources */ = {isa = PBXBuildFile; fileRef = DECADC2B1961EEF50024D067 /* MainViewController.m */; };
/* End PBXBuildFile section */

/* Begin PBXContainerItemProxy section */
		DECADBEF1961EA310024D067 /* PBXContainerItemProxy */ = {
			isa = PBXContainerItemProxy;
			containerPortal = DECADBC11961EA300024D067 /* Project object */;
			proxyType = 1;
			remoteGlobalIDString = DECADBC81961EA300024D067;
			remoteInfo = Parrot;
		};
/* End PBXContainerItemProxy section */

/* Begin PBXFileReference section */
		DE6388F419684748008D5B9D /* Utilities.h */ = {isa = PBXFileReference; fileEncoding = 4; lastKnownFileType = sourcecode.c.h; name = Utilities.h; path = Source/Utilities.h; sourceTree = "<group>"; };
		DE6388F519684748008D5B9D /* Utilities.m */ = {isa = PBXFileReference; fileEncoding = 4; lastKnownFileType = sourcecode.c.objc; name = Utilities.m; path = Source/Utilities.m; sourceTree = "<group>"; };
		DE6388F719687EFF008D5B9D /* button_bar_options_enabled@2x.png */ = {isa = PBXFileReference; lastKnownFileType = image.png; path = "button_bar_options_enabled@2x.png"; sourceTree = "<group>"; };
		DE6388F819687EFF008D5B9D /* button_bar_pause_enabled@2x.png */ = {isa = PBXFileReference; lastKnownFileType = image.png; path = "button_bar_pause_enabled@2x.png"; sourceTree = "<group>"; };
		DE6388F919687EFF008D5B9D /* button_bar_replay_enabled@2x.png */ = {isa = PBXFileReference; lastKnownFileType = image.png; path = "button_bar_replay_enabled@2x.png"; sourceTree = "<group>"; };
		DE6388FA19687EFF008D5B9D /* button_bar_stop_enabled@2x.png */ = {isa = PBXFileReference; lastKnownFileType = image.png; path = "button_bar_stop_enabled@2x.png"; sourceTree = "<group>"; };
		DE6388FB19687EFF008D5B9D /* button_big_like_enabled@2x.png */ = {isa = PBXFileReference; lastKnownFileType = image.png; path = "button_big_like_enabled@2x.png"; sourceTree = "<group>"; };
		DE6388FC19687EFF008D5B9D /* button_big_play_enabled@2x.png */ = {isa = PBXFileReference; lastKnownFileType = image.png; path = "button_big_play_enabled@2x.png"; sourceTree = "<group>"; };
		DE6388FD19687EFF008D5B9D /* button_big_replay_enabled@2x.png */ = {isa = PBXFileReference; lastKnownFileType = image.png; path = "button_big_replay_enabled@2x.png"; sourceTree = "<group>"; };
		DE6388FE19687EFF008D5B9D /* button_big_share_enabled@2x.png */ = {isa = PBXFileReference; lastKnownFileType = image.png; path = "button_big_share_enabled@2x.png"; sourceTree = "<group>"; };
		DE6388FF19687EFF008D5B9D /* button_main_record_enabled@2x.png */ = {isa = PBXFileReference; lastKnownFileType = image.png; path = "button_main_record_enabled@2x.png"; sourceTree = "<group>"; };
		DE63890019687EFF008D5B9D /* button_main_reply_enabled@2x.png */ = {isa = PBXFileReference; lastKnownFileType = image.png; path = "button_main_reply_enabled@2x.png"; sourceTree = "<group>"; };
		DE63890119687EFF008D5B9D /* button_nav_events_enabled@2x.png */ = {isa = PBXFileReference; lastKnownFileType = image.png; path = "button_nav_events_enabled@2x.png"; sourceTree = "<group>"; };
		DE63890219687EFF008D5B9D /* button_nav_profile_enabled@2x.png */ = {isa = PBXFileReference; lastKnownFileType = image.png; path = "button_nav_profile_enabled@2x.png"; sourceTree = "<group>"; };
		DE63890319687EFF008D5B9D /* button_nav_search_enabled@2x.png */ = {isa = PBXFileReference; lastKnownFileType = image.png; path = "button_nav_search_enabled@2x.png"; sourceTree = "<group>"; };
		DE63890419687EFF008D5B9D /* button_player_pause_enabled@2x.png */ = {isa = PBXFileReference; lastKnownFileType = image.png; path = "button_player_pause_enabled@2x.png"; sourceTree = "<group>"; };
		DE63890519687EFF008D5B9D /* button_player_play_enabled@2x.png */ = {isa = PBXFileReference; lastKnownFileType = image.png; path = "button_player_play_enabled@2x.png"; sourceTree = "<group>"; };
		DE63890619687EFF008D5B9D /* button_profile_settings@2x.png */ = {isa = PBXFileReference; lastKnownFileType = image.png; path = "button_profile_settings@2x.png"; sourceTree = "<group>"; };
		DE63890719687EFF008D5B9D /* button_record_cancel_enabled@2x.png */ = {isa = PBXFileReference; lastKnownFileType = image.png; path = "button_record_cancel_enabled@2x.png"; sourceTree = "<group>"; };
		DE63890819687EFF008D5B9D /* button_record_confirm_enabled@2x.png */ = {isa = PBXFileReference; lastKnownFileType = image.png; path = "button_record_confirm_enabled@2x.png"; sourceTree = "<group>"; };
		DE63890919687EFF008D5B9D /* icon_post_time@2x.png */ = {isa = PBXFileReference; lastKnownFileType = image.png; path = "icon_post_time@2x.png"; sourceTree = "<group>"; };
		DE63891D196893E2008D5B9D /* arrow_hint@2x.png */ = {isa = PBXFileReference; lastKnownFileType = image.png; path = "arrow_hint@2x.png"; sourceTree = "<group>"; };
		DE63891F19689A08008D5B9D /* button_big_like_selected@2x.png */ = {isa = PBXFileReference; lastKnownFileType = image.png; path = "button_big_like_selected@2x.png"; sourceTree = "<group>"; };
		DE63892019689A08008D5B9D /* button_nav_events_selected@2x.png */ = {isa = PBXFileReference; lastKnownFileType = image.png; path = "button_nav_events_selected@2x.png"; sourceTree = "<group>"; };
		DE63892119689A08008D5B9D /* button_nav_profile_selected@2x.png */ = {isa = PBXFileReference; lastKnownFileType = image.png; path = "button_nav_profile_selected@2x.png"; sourceTree = "<group>"; };
		DE63892219689A08008D5B9D /* button_nav_search_selected@2x.png */ = {isa = PBXFileReference; lastKnownFileType = image.png; path = "button_nav_search_selected@2x.png"; sourceTree = "<group>"; };
		DE63892319689A08008D5B9D /* button_recird_cancel_enabled@2x.png */ = {isa = PBXFileReference; lastKnownFileType = image.png; path = "button_recird_cancel_enabled@2x.png"; sourceTree = "<group>"; };
		DE63892919689B3A008D5B9D /* arrow_bar_left@2x.png */ = {isa = PBXFileReference; lastKnownFileType = image.png; path = "arrow_bar_left@2x.png"; sourceTree = "<group>"; };
		DE63892A19689B3A008D5B9D /* arrow_bar_right@2x.png */ = {isa = PBXFileReference; lastKnownFileType = image.png; path = "arrow_bar_right@2x.png"; sourceTree = "<group>"; };
		DE63892B19689B3A008D5B9D /* arrow_content_right@2x.png */ = {isa = PBXFileReference; lastKnownFileType = image.png; path = "arrow_content_right@2x.png"; sourceTree = "<group>"; };
		DE63892F1968A546008D5B9D /* 1024_parrot_ios_full.png */ = {isa = PBXFileReference; lastKnownFileType = image.png; path = 1024_parrot_ios_full.png; sourceTree = "<group>"; };
		DE6389311968A5CE008D5B9D /* iphone_retina_splashscreen@2x.png */ = {isa = PBXFileReference; lastKnownFileType = image.png; path = "iphone_retina_splashscreen@2x.png"; sourceTree = "<group>"; };
		DE6389321968A5CE008D5B9D /* iphone_splashscreen@2x.png */ = {isa = PBXFileReference; lastKnownFileType = image.png; path = "iphone_splashscreen@2x.png"; sourceTree = "<group>"; };
		DE6389351969A210008D5B9D /* Default-568h@2x.png */ = {isa = PBXFileReference; lastKnownFileType = image.png; path = "Default-568h@2x.png"; sourceTree = "<group>"; };
		DE9DFC5A1965F0EC00908ED7 /* UserProfile.h */ = {isa = PBXFileReference; fileEncoding = 4; lastKnownFileType = sourcecode.c.h; name = UserProfile.h; path = Source/UserProfile.h; sourceTree = "<group>"; };
		DE9DFC5B1965F0EC00908ED7 /* UserProfile.m */ = {isa = PBXFileReference; fileEncoding = 4; lastKnownFileType = sourcecode.c.objc; name = UserProfile.m; path = Source/UserProfile.m; sourceTree = "<group>"; };
		DE9DFC5E1965F80600908ED7 /* GlobalDefines.h */ = {isa = PBXFileReference; fileEncoding = 4; lastKnownFileType = sourcecode.c.h; name = GlobalDefines.h; path = Source/GlobalDefines.h; sourceTree = "<group>"; };
		DE9DFC601965FC3200908ED7 /* UIImage+Additions.h */ = {isa = PBXFileReference; fileEncoding = 4; lastKnownFileType = sourcecode.c.h; name = "UIImage+Additions.h"; path = "Source/UIImage+Additions.h"; sourceTree = "<group>"; };
		DE9DFC611965FC3200908ED7 /* UIImage+Additions.m */ = {isa = PBXFileReference; fileEncoding = 4; lastKnownFileType = sourcecode.c.objc; name = "UIImage+Additions.m"; path = "Source/UIImage+Additions.m"; sourceTree = "<group>"; };
		DE9DFC641966062300908ED7 /* Spoke.h */ = {isa = PBXFileReference; fileEncoding = 4; lastKnownFileType = sourcecode.c.h; name = Spoke.h; path = Source/Spoke.h; sourceTree = "<group>"; };
		DE9DFC651966062300908ED7 /* Spoke.m */ = {isa = PBXFileReference; fileEncoding = 4; lastKnownFileType = sourcecode.c.objc; name = Spoke.m; path = Source/Spoke.m; sourceTree = "<group>"; };
		DEAA901819634F960036B6BF /* ProfileViewController.h */ = {isa = PBXFileReference; fileEncoding = 4; lastKnownFileType = sourcecode.c.h; name = ProfileViewController.h; path = Source/ProfileViewController.h; sourceTree = "<group>"; };
		DEAA901919634F960036B6BF /* ProfileViewController.m */ = {isa = PBXFileReference; fileEncoding = 4; lastKnownFileType = sourcecode.c.objc; name = ProfileViewController.m; path = Source/ProfileViewController.m; sourceTree = "<group>"; };
		DEAA901B196350A40036B6BF /* WallViewController.h */ = {isa = PBXFileReference; fileEncoding = 4; lastKnownFileType = sourcecode.c.h; name = WallViewController.h; path = Source/WallViewController.h; sourceTree = "<group>"; };
		DEAA901C196350A40036B6BF /* WallViewController.m */ = {isa = PBXFileReference; fileEncoding = 4; lastKnownFileType = sourcecode.c.objc; name = WallViewController.m; path = Source/WallViewController.m; sourceTree = "<group>"; };
		DEAA901E196350B20036B6BF /* SearchViewController.h */ = {isa = PBXFileReference; fileEncoding = 4; lastKnownFileType = sourcecode.c.h; name = SearchViewController.h; path = Source/SearchViewController.h; sourceTree = "<group>"; };
		DEAA901F196350B20036B6BF /* SearchViewController.m */ = {isa = PBXFileReference; fileEncoding = 4; lastKnownFileType = sourcecode.c.objc; name = SearchViewController.m; path = Source/SearchViewController.m; sourceTree = "<group>"; };
		DEAA9021196355CF0036B6BF /* GLKit.framework */ = {isa = PBXFileReference; lastKnownFileType = wrapper.framework; name = GLKit.framework; path = System/Library/Frameworks/GLKit.framework; sourceTree = SDKROOT; };
		DEAA9025196356170036B6BF /* AEFloatConverter.h */ = {isa = PBXFileReference; fileEncoding = 4; lastKnownFileType = sourcecode.c.h; path = AEFloatConverter.h; sourceTree = "<group>"; };
		DEAA9026196356170036B6BF /* AEFloatConverter.m */ = {isa = PBXFileReference; fileEncoding = 4; lastKnownFileType = sourcecode.c.objc; path = AEFloatConverter.m; sourceTree = "<group>"; };
		DEAA9027196356170036B6BF /* EZAudio.h */ = {isa = PBXFileReference; fileEncoding = 4; lastKnownFileType = sourcecode.c.h; path = EZAudio.h; sourceTree = "<group>"; };
		DEAA9028196356170036B6BF /* EZAudio.m */ = {isa = PBXFileReference; fileEncoding = 4; lastKnownFileType = sourcecode.c.objc; path = EZAudio.m; sourceTree = "<group>"; };
		DEAA9029196356170036B6BF /* EZAudioFile.h */ = {isa = PBXFileReference; fileEncoding = 4; lastKnownFileType = sourcecode.c.h; path = EZAudioFile.h; sourceTree = "<group>"; };
		DEAA902A196356170036B6BF /* EZAudioFile.m */ = {isa = PBXFileReference; fileEncoding = 4; lastKnownFileType = sourcecode.c.objc; path = EZAudioFile.m; sourceTree = "<group>"; };
		DEAA902B196356170036B6BF /* EZAudioPlayer.h */ = {isa = PBXFileReference; fileEncoding = 4; lastKnownFileType = sourcecode.c.h; path = EZAudioPlayer.h; sourceTree = "<group>"; };
		DEAA902C196356170036B6BF /* EZAudioPlayer.m */ = {isa = PBXFileReference; fileEncoding = 4; lastKnownFileType = sourcecode.c.objc; path = EZAudioPlayer.m; sourceTree = "<group>"; };
		DEAA902D196356170036B6BF /* EZAudioPlot.h */ = {isa = PBXFileReference; fileEncoding = 4; lastKnownFileType = sourcecode.c.h; path = EZAudioPlot.h; sourceTree = "<group>"; };
		DEAA902E196356170036B6BF /* EZAudioPlot.m */ = {isa = PBXFileReference; fileEncoding = 4; lastKnownFileType = sourcecode.c.objc; path = EZAudioPlot.m; sourceTree = "<group>"; };
		DEAA902F196356170036B6BF /* EZAudioPlotGL.h */ = {isa = PBXFileReference; fileEncoding = 4; lastKnownFileType = sourcecode.c.h; path = EZAudioPlotGL.h; sourceTree = "<group>"; };
		DEAA9030196356170036B6BF /* EZAudioPlotGL.m */ = {isa = PBXFileReference; fileEncoding = 4; lastKnownFileType = sourcecode.c.objc; path = EZAudioPlotGL.m; sourceTree = "<group>"; };
		DEAA9031196356170036B6BF /* EZAudioPlotGLKViewController.h */ = {isa = PBXFileReference; fileEncoding = 4; lastKnownFileType = sourcecode.c.h; path = EZAudioPlotGLKViewController.h; sourceTree = "<group>"; };
		DEAA9032196356170036B6BF /* EZAudioPlotGLKViewController.m */ = {isa = PBXFileReference; fileEncoding = 4; lastKnownFileType = sourcecode.c.objc; path = EZAudioPlotGLKViewController.m; sourceTree = "<group>"; };
		DEAA9033196356170036B6BF /* EZMicrophone.h */ = {isa = PBXFileReference; fileEncoding = 4; lastKnownFileType = sourcecode.c.h; path = EZMicrophone.h; sourceTree = "<group>"; };
		DEAA9034196356170036B6BF /* EZMicrophone.m */ = {isa = PBXFileReference; fileEncoding = 4; lastKnownFileType = sourcecode.c.objc; path = EZMicrophone.m; sourceTree = "<group>"; };
		DEAA9035196356170036B6BF /* EZOutput.h */ = {isa = PBXFileReference; fileEncoding = 4; lastKnownFileType = sourcecode.c.h; path = EZOutput.h; sourceTree = "<group>"; };
		DEAA9036196356170036B6BF /* EZOutput.m */ = {isa = PBXFileReference; fileEncoding = 4; lastKnownFileType = sourcecode.c.objc; path = EZOutput.m; sourceTree = "<group>"; };
		DEAA9037196356170036B6BF /* EZPlot.h */ = {isa = PBXFileReference; fileEncoding = 4; lastKnownFileType = sourcecode.c.h; path = EZPlot.h; sourceTree = "<group>"; };
		DEAA9038196356170036B6BF /* EZPlot.m */ = {isa = PBXFileReference; fileEncoding = 4; lastKnownFileType = sourcecode.c.objc; path = EZPlot.m; sourceTree = "<group>"; };
		DEAA9039196356170036B6BF /* EZRecorder.h */ = {isa = PBXFileReference; fileEncoding = 4; lastKnownFileType = sourcecode.c.h; path = EZRecorder.h; sourceTree = "<group>"; };
		DEAA903A196356170036B6BF /* EZRecorder.m */ = {isa = PBXFileReference; fileEncoding = 4; lastKnownFileType = sourcecode.c.objc; path = EZRecorder.m; sourceTree = "<group>"; };
		DEAA903B196356170036B6BF /* TPCircularBuffer.c */ = {isa = PBXFileReference; fileEncoding = 4; lastKnownFileType = sourcecode.c.c; path = TPCircularBuffer.c; sourceTree = "<group>"; };
		DEAA903C196356170036B6BF /* TPCircularBuffer.h */ = {isa = PBXFileReference; fileEncoding = 4; lastKnownFileType = sourcecode.c.h; path = TPCircularBuffer.h; sourceTree = "<group>"; };
		DEAA903E196356170036B6BF /* CHANGELOG */ = {isa = PBXFileReference; fileEncoding = 4; lastKnownFileType = text; path = CHANGELOG; sourceTree = "<group>"; };
		DEAA903F196356170036B6BF /* VERSION */ = {isa = PBXFileReference; fileEncoding = 4; lastKnownFileType = text; path = VERSION; sourceTree = "<group>"; };
		DEAA904F196356C70036B6BF /* RecordViewController.h */ = {isa = PBXFileReference; fileEncoding = 4; lastKnownFileType = sourcecode.c.h; name = RecordViewController.h; path = Source/RecordViewController.h; sourceTree = "<group>"; };
		DEAA9050196356C70036B6BF /* RecordViewController.m */ = {isa = PBXFileReference; fileEncoding = 4; lastKnownFileType = sourcecode.c.objc; name = RecordViewController.m; path = Source/RecordViewController.m; sourceTree = "<group>"; };
		DECADBC91961EA300024D067 /* Parrot.app */ = {isa = PBXFileReference; explicitFileType = wrapper.application; includeInIndex = 0; path = Parrot.app; sourceTree = BUILT_PRODUCTS_DIR; };
		DECADBCC1961EA300024D067 /* Foundation.framework */ = {isa = PBXFileReference; lastKnownFileType = wrapper.framework; name = Foundation.framework; path = System/Library/Frameworks/Foundation.framework; sourceTree = SDKROOT; };
		DECADBCE1961EA300024D067 /* CoreGraphics.framework */ = {isa = PBXFileReference; lastKnownFileType = wrapper.framework; name = CoreGraphics.framework; path = System/Library/Frameworks/CoreGraphics.framework; sourceTree = SDKROOT; };
		DECADBD01961EA300024D067 /* UIKit.framework */ = {isa = PBXFileReference; lastKnownFileType = wrapper.framework; name = UIKit.framework; path = System/Library/Frameworks/UIKit.framework; sourceTree = SDKROOT; };
		DECADBD41961EA300024D067 /* Parrot-Info.plist */ = {isa = PBXFileReference; lastKnownFileType = text.plist.xml; path = "Parrot-Info.plist"; sourceTree = "<group>"; };
		DECADBD61961EA300024D067 /* en */ = {isa = PBXFileReference; lastKnownFileType = text.plist.strings; name = en; path = en.lproj/InfoPlist.strings; sourceTree = "<group>"; };
		DECADBD81961EA300024D067 /* main.m */ = {isa = PBXFileReference; lastKnownFileType = sourcecode.c.objc; path = main.m; sourceTree = "<group>"; };
		DECADBDA1961EA300024D067 /* Parrot-Prefix.pch */ = {isa = PBXFileReference; lastKnownFileType = sourcecode.c.h; path = "Parrot-Prefix.pch"; sourceTree = "<group>"; };
		DECADBDF1961EA300024D067 /* Base */ = {isa = PBXFileReference; lastKnownFileType = file.storyboard; name = Base; path = Base.lproj/Main.storyboard; sourceTree = "<group>"; };
		DECADBE41961EA300024D067 /* Images.xcassets */ = {isa = PBXFileReference; lastKnownFileType = folder.assetcatalog; path = Images.xcassets; sourceTree = "<group>"; };
		DECADBEA1961EA310024D067 /* ParrotTests.xctest */ = {isa = PBXFileReference; explicitFileType = wrapper.cfbundle; includeInIndex = 0; path = ParrotTests.xctest; sourceTree = BUILT_PRODUCTS_DIR; };
		DECADBF31961EA310024D067 /* ParrotTests-Info.plist */ = {isa = PBXFileReference; lastKnownFileType = text.plist.xml; path = "ParrotTests-Info.plist"; sourceTree = "<group>"; };
		DECADBF51961EA310024D067 /* en */ = {isa = PBXFileReference; lastKnownFileType = text.plist.strings; name = en; path = en.lproj/InfoPlist.strings; sourceTree = "<group>"; };
		DECADBF71961EA310024D067 /* ParrotTests.m */ = {isa = PBXFileReference; lastKnownFileType = sourcecode.c.objc; path = ParrotTests.m; sourceTree = "<group>"; };
		DECADC041961EBF40024D067 /* login-button-small-pressed.png */ = {isa = PBXFileReference; lastKnownFileType = image.png; path = "login-button-small-pressed.png"; sourceTree = "<group>"; };
		DECADC051961EBF40024D067 /* login-button-small.png */ = {isa = PBXFileReference; lastKnownFileType = image.png; path = "login-button-small.png"; sourceTree = "<group>"; };
		DECADC081961EC160024D067 /* AppDelegate.h */ = {isa = PBXFileReference; fileEncoding = 4; lastKnownFileType = sourcecode.c.h; name = AppDelegate.h; path = Source/AppDelegate.h; sourceTree = "<group>"; };
		DECADC091961EC160024D067 /* AppDelegate.m */ = {isa = PBXFileReference; fileEncoding = 4; lastKnownFileType = sourcecode.c.objc; name = AppDelegate.m; path = Source/AppDelegate.m; sourceTree = "<group>"; };
		DECADC0E1961EC450024D067 /* AVFoundation.framework */ = {isa = PBXFileReference; lastKnownFileType = wrapper.framework; name = AVFoundation.framework; path = System/Library/Frameworks/AVFoundation.framework; sourceTree = SDKROOT; };
		DECADC101961EC9E0024D067 /* FacebookSDK.framework */ = {isa = PBXFileReference; lastKnownFileType = wrapper.framework; name = FacebookSDK.framework; path = Libs/FacebookSDK.framework; sourceTree = "<group>"; };
		DECADC111961EC9E0024D067 /* Parse.framework */ = {isa = PBXFileReference; lastKnownFileType = wrapper.framework; name = Parse.framework; path = Libs/Parse.framework; sourceTree = "<group>"; };
		DECADC141961ECB00024D067 /* CoreLocation.framework */ = {isa = PBXFileReference; lastKnownFileType = wrapper.framework; name = CoreLocation.framework; path = System/Library/Frameworks/CoreLocation.framework; sourceTree = SDKROOT; };
		DECADC161961ECB80024D067 /* AudioToolbox.framework */ = {isa = PBXFileReference; lastKnownFileType = wrapper.framework; name = AudioToolbox.framework; path = System/Library/Frameworks/AudioToolbox.framework; sourceTree = SDKROOT; };
		DECADC181961ECC20024D067 /* CFNetwork.framework */ = {isa = PBXFileReference; lastKnownFileType = wrapper.framework; name = CFNetwork.framework; path = System/Library/Frameworks/CFNetwork.framework; sourceTree = SDKROOT; };
		DECADC1A1961ECDA0024D067 /* libz.dylib */ = {isa = PBXFileReference; lastKnownFileType = "compiled.mach-o.dylib"; name = libz.dylib; path = usr/lib/libz.dylib; sourceTree = SDKROOT; };
		DECADC1C1961ECE60024D067 /* MobileCoreServices.framework */ = {isa = PBXFileReference; lastKnownFileType = wrapper.framework; name = MobileCoreServices.framework; path = System/Library/Frameworks/MobileCoreServices.framework; sourceTree = SDKROOT; };
		DECADC1E1961ECEC0024D067 /* QuartzCore.framework */ = {isa = PBXFileReference; lastKnownFileType = wrapper.framework; name = QuartzCore.framework; path = System/Library/Frameworks/QuartzCore.framework; sourceTree = SDKROOT; };
		DECADC201961ECF30024D067 /* Security.framework */ = {isa = PBXFileReference; lastKnownFileType = wrapper.framework; name = Security.framework; path = System/Library/Frameworks/Security.framework; sourceTree = SDKROOT; };
		DECADC221961ECF90024D067 /* StoreKit.framework */ = {isa = PBXFileReference; lastKnownFileType = wrapper.framework; name = StoreKit.framework; path = System/Library/Frameworks/StoreKit.framework; sourceTree = SDKROOT; };
		DECADC241961ED010024D067 /* SystemConfiguration.framework */ = {isa = PBXFileReference; lastKnownFileType = wrapper.framework; name = SystemConfiguration.framework; path = System/Library/Frameworks/SystemConfiguration.framework; sourceTree = SDKROOT; };
		DECADC271961EE3D0024D067 /* LoginViewController.h */ = {isa = PBXFileReference; fileEncoding = 4; lastKnownFileType = sourcecode.c.h; name = LoginViewController.h; path = Source/LoginViewController.h; sourceTree = "<group>"; };
		DECADC281961EE3D0024D067 /* LoginViewController.m */ = {isa = PBXFileReference; fileEncoding = 4; lastKnownFileType = sourcecode.c.objc; name = LoginViewController.m; path = Source/LoginViewController.m; sourceTree = "<group>"; };
		DECADC2A1961EEF50024D067 /* MainViewController.h */ = {isa = PBXFileReference; fileEncoding = 4; lastKnownFileType = sourcecode.c.h; name = MainViewController.h; path = Source/MainViewController.h; sourceTree = "<group>"; };
		DECADC2B1961EEF50024D067 /* MainViewController.m */ = {isa = PBXFileReference; fileEncoding = 4; lastKnownFileType = sourcecode.c.objc; name = MainViewController.m; path = Source/MainViewController.m; sourceTree = "<group>"; };
/* End PBXFileReference section */

/* Begin PBXFrameworksBuildPhase section */
		DECADBC61961EA300024D067 /* Frameworks */ = {
			isa = PBXFrameworksBuildPhase;
			buildActionMask = 2147483647;
			files = (
				DEAA9022196355CF0036B6BF /* GLKit.framework in Frameworks */,
				DECADBD11961EA300024D067 /* UIKit.framework in Frameworks */,
				DECADC251961ED010024D067 /* SystemConfiguration.framework in Frameworks */,
				DECADC231961ECF90024D067 /* StoreKit.framework in Frameworks */,
				DECADC211961ECF30024D067 /* Security.framework in Frameworks */,
				DECADC1F1961ECEC0024D067 /* QuartzCore.framework in Frameworks */,
				DECADC1D1961ECE60024D067 /* MobileCoreServices.framework in Frameworks */,
				DECADC1B1961ECDA0024D067 /* libz.dylib in Frameworks */,
				DECADC191961ECC20024D067 /* CFNetwork.framework in Frameworks */,
				DECADC171961ECB80024D067 /* AudioToolbox.framework in Frameworks */,
				DECADC151961ECB00024D067 /* CoreLocation.framework in Frameworks */,
				DECADC121961EC9E0024D067 /* FacebookSDK.framework in Frameworks */,
				DECADC131961EC9E0024D067 /* Parse.framework in Frameworks */,
				DECADC0F1961EC450024D067 /* AVFoundation.framework in Frameworks */,
				DECADBCF1961EA300024D067 /* CoreGraphics.framework in Frameworks */,
				DECADBCD1961EA300024D067 /* Foundation.framework in Frameworks */,
			);
			runOnlyForDeploymentPostprocessing = 0;
		};
		DECADBE71961EA310024D067 /* Frameworks */ = {
			isa = PBXFrameworksBuildPhase;
			buildActionMask = 2147483647;
			files = (
				DECADBEE1961EA310024D067 /* UIKit.framework in Frameworks */,
				DECADBED1961EA310024D067 /* Foundation.framework in Frameworks */,
			);
			runOnlyForDeploymentPostprocessing = 0;
		};
/* End PBXFrameworksBuildPhase section */

/* Begin PBXGroup section */
		DE9DFC5F1965FC0E00908ED7 /* Utilities */ = {
			isa = PBXGroup;
			children = (
				DE9DFC601965FC3200908ED7 /* UIImage+Additions.h */,
				DE9DFC611965FC3200908ED7 /* UIImage+Additions.m */,
				DE9DFC5E1965F80600908ED7 /* GlobalDefines.h */,
				DE6388F419684748008D5B9D /* Utilities.h */,
				DE6388F519684748008D5B9D /* Utilities.m */,
			);
			name = Utilities;
			sourceTree = "<group>";
		};
		DE9DFC631966060600908ED7 /* Spoke */ = {
			isa = PBXGroup;
			children = (
				DE9DFC641966062300908ED7 /* Spoke.h */,
				DE9DFC651966062300908ED7 /* Spoke.m */,
			);
			name = Spoke;
			sourceTree = "<group>";
		};
		DEAA9024196356170036B6BF /* EZAudio */ = {
			isa = PBXGroup;
			children = (
				DEAA9025196356170036B6BF /* AEFloatConverter.h */,
				DEAA9026196356170036B6BF /* AEFloatConverter.m */,
				DEAA9027196356170036B6BF /* EZAudio.h */,
				DEAA9028196356170036B6BF /* EZAudio.m */,
				DEAA9029196356170036B6BF /* EZAudioFile.h */,
				DEAA902A196356170036B6BF /* EZAudioFile.m */,
				DEAA902B196356170036B6BF /* EZAudioPlayer.h */,
				DEAA902C196356170036B6BF /* EZAudioPlayer.m */,
				DEAA902D196356170036B6BF /* EZAudioPlot.h */,
				DEAA902E196356170036B6BF /* EZAudioPlot.m */,
				DEAA902F196356170036B6BF /* EZAudioPlotGL.h */,
				DEAA9030196356170036B6BF /* EZAudioPlotGL.m */,
				DEAA9031196356170036B6BF /* EZAudioPlotGLKViewController.h */,
				DEAA9032196356170036B6BF /* EZAudioPlotGLKViewController.m */,
				DEAA9033196356170036B6BF /* EZMicrophone.h */,
				DEAA9034196356170036B6BF /* EZMicrophone.m */,
				DEAA9035196356170036B6BF /* EZOutput.h */,
				DEAA9036196356170036B6BF /* EZOutput.m */,
				DEAA9037196356170036B6BF /* EZPlot.h */,
				DEAA9038196356170036B6BF /* EZPlot.m */,
				DEAA9039196356170036B6BF /* EZRecorder.h */,
				DEAA903A196356170036B6BF /* EZRecorder.m */,
				DEAA903B196356170036B6BF /* TPCircularBuffer.c */,
				DEAA903C196356170036B6BF /* TPCircularBuffer.h */,
				DEAA903D196356170036B6BF /* VERSION */,
			);
			name = EZAudio;
			path = Libs/EZAudio;
			sourceTree = SOURCE_ROOT;
		};
		DEAA903D196356170036B6BF /* VERSION */ = {
			isa = PBXGroup;
			children = (
				DEAA903E196356170036B6BF /* CHANGELOG */,
				DEAA903F196356170036B6BF /* VERSION */,
			);
			path = VERSION;
			sourceTree = "<group>";
		};
		DEAA904E196356A00036B6BF /* Profile */ = {
			isa = PBXGroup;
			children = (
				DEAA901819634F960036B6BF /* ProfileViewController.h */,
				DEAA901919634F960036B6BF /* ProfileViewController.m */,
				DEAA904F196356C70036B6BF /* RecordViewController.h */,
				DEAA9050196356C70036B6BF /* RecordViewController.m */,
				DE9DFC5A1965F0EC00908ED7 /* UserProfile.h */,
				DE9DFC5B1965F0EC00908ED7 /* UserProfile.m */,
			);
			name = Profile;
			sourceTree = "<group>";
		};
		DECADBC01961EA300024D067 = {
			isa = PBXGroup;
			children = (
				DE6389351969A210008D5B9D /* Default-568h@2x.png */,
				DECADBD21961EA300024D067 /* Parrot */,
				DECADC011961EA6C0024D067 /* Resources */,
				DECADBF11961EA310024D067 /* ParrotTests */,
				DECADBCB1961EA300024D067 /* Frameworks */,
				DECADBCA1961EA300024D067 /* Products */,
			);
			sourceTree = "<group>";
		};
		DECADBCA1961EA300024D067 /* Products */ = {
			isa = PBXGroup;
			children = (
				DECADBC91961EA300024D067 /* Parrot.app */,
				DECADBEA1961EA310024D067 /* ParrotTests.xctest */,
			);
			name = Products;
			sourceTree = "<group>";
		};
		DECADBCB1961EA300024D067 /* Frameworks */ = {
			isa = PBXGroup;
			children = (
				DEAA9021196355CF0036B6BF /* GLKit.framework */,
				DECADC241961ED010024D067 /* SystemConfiguration.framework */,
				DECADC221961ECF90024D067 /* StoreKit.framework */,
				DECADC201961ECF30024D067 /* Security.framework */,
				DECADC1E1961ECEC0024D067 /* QuartzCore.framework */,
				DECADC1C1961ECE60024D067 /* MobileCoreServices.framework */,
				DECADC1A1961ECDA0024D067 /* libz.dylib */,
				DECADC181961ECC20024D067 /* CFNetwork.framework */,
				DECADC161961ECB80024D067 /* AudioToolbox.framework */,
				DECADC141961ECB00024D067 /* CoreLocation.framework */,
				DECADC101961EC9E0024D067 /* FacebookSDK.framework */,
				DECADC111961EC9E0024D067 /* Parse.framework */,
				DECADC0E1961EC450024D067 /* AVFoundation.framework */,
				DECADBCC1961EA300024D067 /* Foundation.framework */,
				DECADBCE1961EA300024D067 /* CoreGraphics.framework */,
				DECADBD01961EA300024D067 /* UIKit.framework */,
			);
			name = Frameworks;
			sourceTree = "<group>";
		};
		DECADBD21961EA300024D067 /* Parrot */ = {
			isa = PBXGroup;
			children = (
				DE9DFC631966060600908ED7 /* Spoke */,
				DE9DFC5F1965FC0E00908ED7 /* Utilities */,
				DEAA904E196356A00036B6BF /* Profile */,
				DEAA9024196356170036B6BF /* EZAudio */,
				DECADC261961EE230024D067 /* Start */,
				DECADBDE1961EA300024D067 /* Main.storyboard */,
				DECADBE41961EA300024D067 /* Images.xcassets */,
				DECADBD31961EA300024D067 /* Supporting Files */,
			);
			path = Parrot;
			sourceTree = "<group>";
		};
		DECADBD31961EA300024D067 /* Supporting Files */ = {
			isa = PBXGroup;
			children = (
				DECADBD41961EA300024D067 /* Parrot-Info.plist */,
				DECADBD51961EA300024D067 /* InfoPlist.strings */,
				DECADBD81961EA300024D067 /* main.m */,
				DECADBDA1961EA300024D067 /* Parrot-Prefix.pch */,
			);
			name = "Supporting Files";
			sourceTree = "<group>";
		};
		DECADBF11961EA310024D067 /* ParrotTests */ = {
			isa = PBXGroup;
			children = (
				DECADBF71961EA310024D067 /* ParrotTests.m */,
				DECADBF21961EA310024D067 /* Supporting Files */,
			);
			path = ParrotTests;
			sourceTree = "<group>";
		};
		DECADBF21961EA310024D067 /* Supporting Files */ = {
			isa = PBXGroup;
			children = (
				DECADBF31961EA310024D067 /* ParrotTests-Info.plist */,
				DECADBF41961EA310024D067 /* InfoPlist.strings */,
			);
			name = "Supporting Files";
			sourceTree = "<group>";
		};
		DECADC011961EA6C0024D067 /* Resources */ = {
			isa = PBXGroup;
			children = (
				DECADC031961EBF40024D067 /* Images */,
			);
			name = Resources;
			sourceTree = "<group>";
		};
		DECADC031961EBF40024D067 /* Images */ = {
			isa = PBXGroup;
			children = (
				DE6389311968A5CE008D5B9D /* iphone_retina_splashscreen@2x.png */,
				DE6389321968A5CE008D5B9D /* iphone_splashscreen@2x.png */,
				DE63892F1968A546008D5B9D /* 1024_parrot_ios_full.png */,
				DE63892919689B3A008D5B9D /* arrow_bar_left@2x.png */,
				DE63892A19689B3A008D5B9D /* arrow_bar_right@2x.png */,
				DE63892B19689B3A008D5B9D /* arrow_content_right@2x.png */,
				DE63891F19689A08008D5B9D /* button_big_like_selected@2x.png */,
				DE63892019689A08008D5B9D /* button_nav_events_selected@2x.png */,
				DE63892119689A08008D5B9D /* button_nav_profile_selected@2x.png */,
				DE63892219689A08008D5B9D /* button_nav_search_selected@2x.png */,
				DE63892319689A08008D5B9D /* button_recird_cancel_enabled@2x.png */,
				DE63891D196893E2008D5B9D /* arrow_hint@2x.png */,
				DE6388F719687EFF008D5B9D /* button_bar_options_enabled@2x.png */,
				DE6388F819687EFF008D5B9D /* button_bar_pause_enabled@2x.png */,
				DE6388F919687EFF008D5B9D /* button_bar_replay_enabled@2x.png */,
				DE6388FA19687EFF008D5B9D /* button_bar_stop_enabled@2x.png */,
				DE6388FB19687EFF008D5B9D /* button_big_like_enabled@2x.png */,
				DE6388FC19687EFF008D5B9D /* button_big_play_enabled@2x.png */,
				DE6388FD19687EFF008D5B9D /* button_big_replay_enabled@2x.png */,
				DE6388FE19687EFF008D5B9D /* button_big_share_enabled@2x.png */,
				DE6388FF19687EFF008D5B9D /* button_main_record_enabled@2x.png */,
				DE63890019687EFF008D5B9D /* button_main_reply_enabled@2x.png */,
				DE63890119687EFF008D5B9D /* button_nav_events_enabled@2x.png */,
				DE63890219687EFF008D5B9D /* button_nav_profile_enabled@2x.png */,
				DE63890319687EFF008D5B9D /* button_nav_search_enabled@2x.png */,
				DE63890419687EFF008D5B9D /* button_player_pause_enabled@2x.png */,
				DE63890519687EFF008D5B9D /* button_player_play_enabled@2x.png */,
				DE63890619687EFF008D5B9D /* button_profile_settings@2x.png */,
				DE63890719687EFF008D5B9D /* button_record_cancel_enabled@2x.png */,
				DE63890819687EFF008D5B9D /* button_record_confirm_enabled@2x.png */,
				DE63890919687EFF008D5B9D /* icon_post_time@2x.png */,
				DECADC041961EBF40024D067 /* login-button-small-pressed.png */,
				DECADC051961EBF40024D067 /* login-button-small.png */,
			);
			name = Images;
			path = Parrot/Resources/Images;
			sourceTree = "<group>";
		};
		DECADC261961EE230024D067 /* Start */ = {
			isa = PBXGroup;
			children = (
				DECADC271961EE3D0024D067 /* LoginViewController.h */,
				DECADC281961EE3D0024D067 /* LoginViewController.m */,
				DECADC081961EC160024D067 /* AppDelegate.h */,
				DECADC091961EC160024D067 /* AppDelegate.m */,
				DECADC2A1961EEF50024D067 /* MainViewController.h */,
				DECADC2B1961EEF50024D067 /* MainViewController.m */,
				DEAA901B196350A40036B6BF /* WallViewController.h */,
				DEAA901C196350A40036B6BF /* WallViewController.m */,
				DEAA901E196350B20036B6BF /* SearchViewController.h */,
				DEAA901F196350B20036B6BF /* SearchViewController.m */,
			);
			name = Start;
			sourceTree = "<group>";
		};
/* End PBXGroup section */

/* Begin PBXNativeTarget section */
		DECADBC81961EA300024D067 /* Parrot */ = {
			isa = PBXNativeTarget;
			buildConfigurationList = DECADBFB1961EA310024D067 /* Build configuration list for PBXNativeTarget "Parrot" */;
			buildPhases = (
				DECADBC51961EA300024D067 /* Sources */,
				DECADBC61961EA300024D067 /* Frameworks */,
				DECADBC71961EA300024D067 /* Resources */,
			);
			buildRules = (
			);
			dependencies = (
			);
			name = Parrot;
			productName = Parrot;
			productReference = DECADBC91961EA300024D067 /* Parrot.app */;
			productType = "com.apple.product-type.application";
		};
		DECADBE91961EA310024D067 /* ParrotTests */ = {
			isa = PBXNativeTarget;
			buildConfigurationList = DECADBFE1961EA310024D067 /* Build configuration list for PBXNativeTarget "ParrotTests" */;
			buildPhases = (
				DECADBE61961EA310024D067 /* Sources */,
				DECADBE71961EA310024D067 /* Frameworks */,
				DECADBE81961EA310024D067 /* Resources */,
			);
			buildRules = (
			);
			dependencies = (
				DECADBF01961EA310024D067 /* PBXTargetDependency */,
			);
			name = ParrotTests;
			productName = ParrotTests;
			productReference = DECADBEA1961EA310024D067 /* ParrotTests.xctest */;
			productType = "com.apple.product-type.bundle.unit-test";
		};
/* End PBXNativeTarget section */

/* Begin PBXProject section */
		DECADBC11961EA300024D067 /* Project object */ = {
			isa = PBXProject;
			attributes = {
				LastUpgradeCheck = 0510;
				ORGANIZATIONNAME = "Marco Argiolas";
				TargetAttributes = {
					DECADBC81961EA300024D067 = {
						DevelopmentTeam = L992NGD4Z9;
					};
					DECADBE91961EA310024D067 = {
						TestTargetID = DECADBC81961EA300024D067;
					};
				};
			};
			buildConfigurationList = DECADBC41961EA300024D067 /* Build configuration list for PBXProject "Parrot" */;
			compatibilityVersion = "Xcode 3.2";
			developmentRegion = English;
			hasScannedForEncodings = 0;
			knownRegions = (
				en,
				Base,
			);
			mainGroup = DECADBC01961EA300024D067;
			productRefGroup = DECADBCA1961EA300024D067 /* Products */;
			projectDirPath = "";
			projectRoot = "";
			targets = (
				DECADBC81961EA300024D067 /* Parrot */,
				DECADBE91961EA310024D067 /* ParrotTests */,
			);
		};
/* End PBXProject section */

/* Begin PBXResourcesBuildPhase section */
		DECADBC71961EA300024D067 /* Resources */ = {
			isa = PBXResourcesBuildPhase;
			buildActionMask = 2147483647;
			files = (
				DE63890D19687EFF008D5B9D /* button_bar_stop_enabled@2x.png in Resources */,
				DE63890C19687EFF008D5B9D /* button_bar_replay_enabled@2x.png in Resources */,
				DE63891219687EFF008D5B9D /* button_main_record_enabled@2x.png in Resources */,
				DE63891319687EFF008D5B9D /* button_main_reply_enabled@2x.png in Resources */,
				DECADC061961EBF40024D067 /* login-button-small-pressed.png in Resources */,
				DE63890A19687EFF008D5B9D /* button_bar_options_enabled@2x.png in Resources */,
				DE63891519687EFF008D5B9D /* button_nav_profile_enabled@2x.png in Resources */,
				DE63891B19687EFF008D5B9D /* button_record_confirm_enabled@2x.png in Resources */,
				DE63891419687EFF008D5B9D /* button_nav_events_enabled@2x.png in Resources */,
				DE63892D19689B3A008D5B9D /* arrow_bar_right@2x.png in Resources */,
				DE63892619689A08008D5B9D /* button_nav_profile_selected@2x.png in Resources */,
				DE63892419689A08008D5B9D /* button_big_like_selected@2x.png in Resources */,
				DE63892C19689B3A008D5B9D /* arrow_bar_left@2x.png in Resources */,
				DEAA904D196356170036B6BF /* VERSION in Resources */,
				DE63890F19687EFF008D5B9D /* button_big_play_enabled@2x.png in Resources */,
				DE63891019687EFF008D5B9D /* button_big_replay_enabled@2x.png in Resources */,
				DECADBE51961EA300024D067 /* Images.xcassets in Resources */,
				DE63891619687EFF008D5B9D /* button_nav_search_enabled@2x.png in Resources */,
				DE63890E19687EFF008D5B9D /* button_big_like_enabled@2x.png in Resources */,
				DE63891119687EFF008D5B9D /* button_big_share_enabled@2x.png in Resources */,
				DE63890B19687EFF008D5B9D /* button_bar_pause_enabled@2x.png in Resources */,
				DE63891719687EFF008D5B9D /* button_player_pause_enabled@2x.png in Resources */,
				DE63891E196893E2008D5B9D /* arrow_hint@2x.png in Resources */,
				DE6389341968A5CE008D5B9D /* iphone_splashscreen@2x.png in Resources */,
				DE63891919687EFF008D5B9D /* button_profile_settings@2x.png in Resources */,
				DE63891819687EFF008D5B9D /* button_player_play_enabled@2x.png in Resources */,
				DE63891C19687EFF008D5B9D /* icon_post_time@2x.png in Resources */,
				DE63891A19687EFF008D5B9D /* button_record_cancel_enabled@2x.png in Resources */,
				DECADBD71961EA300024D067 /* InfoPlist.strings in Resources */,
				DE6389331968A5CE008D5B9D /* iphone_retina_splashscreen@2x.png in Resources */,
				DECADBE01961EA300024D067 /* Main.storyboard in Resources */,
				DE63892819689A08008D5B9D /* button_recird_cancel_enabled@2x.png in Resources */,
				DE63892719689A08008D5B9D /* button_nav_search_selected@2x.png in Resources */,
				DECADC071961EBF40024D067 /* login-button-small.png in Resources */,
				DEAA904C196356170036B6BF /* CHANGELOG in Resources */,
				DE6389361969A210008D5B9D /* Default-568h@2x.png in Resources */,
				DE6389301968A546008D5B9D /* 1024_parrot_ios_full.png in Resources */,
				DE63892519689A08008D5B9D /* button_nav_events_selected@2x.png in Resources */,
				DE63892E19689B3A008D5B9D /* arrow_content_right@2x.png in Resources */,
			);
			runOnlyForDeploymentPostprocessing = 0;
		};
		DECADBE81961EA310024D067 /* Resources */ = {
			isa = PBXResourcesBuildPhase;
			buildActionMask = 2147483647;
			files = (
				DECADBF61961EA310024D067 /* InfoPlist.strings in Resources */,
			);
			runOnlyForDeploymentPostprocessing = 0;
		};
/* End PBXResourcesBuildPhase section */

/* Begin PBXSourcesBuildPhase section */
		DECADBC51961EA300024D067 /* Sources */ = {
			isa = PBXSourcesBuildPhase;
			buildActionMask = 2147483647;
			files = (
				DEAA904A196356170036B6BF /* EZRecorder.m in Sources */,
				DEAA9044196356170036B6BF /* EZAudioPlot.m in Sources */,
				DEAA9043196356170036B6BF /* EZAudioPlayer.m in Sources */,
				DEAA901D196350A40036B6BF /* WallViewController.m in Sources */,
				DEAA9045196356170036B6BF /* EZAudioPlotGL.m in Sources */,
				DEAA9046196356170036B6BF /* EZAudioPlotGLKViewController.m in Sources */,
				DEAA9048196356170036B6BF /* EZOutput.m in Sources */,
				DE9DFC621965FC3200908ED7 /* UIImage+Additions.m in Sources */,
				DEAA9040196356170036B6BF /* AEFloatConverter.m in Sources */,
				DEAA904B196356170036B6BF /* TPCircularBuffer.c in Sources */,
				DECADC0C1961EC160024D067 /* AppDelegate.m in Sources */,
				DEAA9041196356170036B6BF /* EZAudio.m in Sources */,
				DE9DFC5C1965F0EC00908ED7 /* UserProfile.m in Sources */,
				DEAA9047196356170036B6BF /* EZMicrophone.m in Sources */,
				DECADBD91961EA300024D067 /* main.m in Sources */,
				DECADC291961EE3D0024D067 /* LoginViewController.m in Sources */,
				DECADC2C1961EEF50024D067 /* MainViewController.m in Sources */,
				DEAA9049196356170036B6BF /* EZPlot.m in Sources */,
				DE6388F619684748008D5B9D /* Utilities.m in Sources */,
				DEAA9042196356170036B6BF /* EZAudioFile.m in Sources */,
				DEAA901A19634F960036B6BF /* ProfileViewController.m in Sources */,
				DEAA9020196350B20036B6BF /* SearchViewController.m in Sources */,
				DE9DFC661966062300908ED7 /* Spoke.m in Sources */,
				DEAA9051196356C70036B6BF /* RecordViewController.m in Sources */,
			);
			runOnlyForDeploymentPostprocessing = 0;
		};
		DECADBE61961EA310024D067 /* Sources */ = {
			isa = PBXSourcesBuildPhase;
			buildActionMask = 2147483647;
			files = (
				DECADBF81961EA310024D067 /* ParrotTests.m in Sources */,
			);
			runOnlyForDeploymentPostprocessing = 0;
		};
/* End PBXSourcesBuildPhase section */

/* Begin PBXTargetDependency section */
		DECADBF01961EA310024D067 /* PBXTargetDependency */ = {
			isa = PBXTargetDependency;
			target = DECADBC81961EA300024D067 /* Parrot */;
			targetProxy = DECADBEF1961EA310024D067 /* PBXContainerItemProxy */;
		};
/* End PBXTargetDependency section */

/* Begin PBXVariantGroup section */
		DECADBD51961EA300024D067 /* InfoPlist.strings */ = {
			isa = PBXVariantGroup;
			children = (
				DECADBD61961EA300024D067 /* en */,
			);
			name = InfoPlist.strings;
			sourceTree = "<group>";
		};
		DECADBDE1961EA300024D067 /* Main.storyboard */ = {
			isa = PBXVariantGroup;
			children = (
				DECADBDF1961EA300024D067 /* Base */,
			);
			name = Main.storyboard;
			sourceTree = "<group>";
		};
		DECADBF41961EA310024D067 /* InfoPlist.strings */ = {
			isa = PBXVariantGroup;
			children = (
				DECADBF51961EA310024D067 /* en */,
			);
			name = InfoPlist.strings;
			sourceTree = "<group>";
		};
/* End PBXVariantGroup section */

/* Begin XCBuildConfiguration section */
		DECADBF91961EA310024D067 /* Debug */ = {
			isa = XCBuildConfiguration;
			buildSettings = {
				ALWAYS_SEARCH_USER_PATHS = NO;
				CLANG_CXX_LANGUAGE_STANDARD = "gnu++0x";
				CLANG_CXX_LIBRARY = "libc++";
				CLANG_ENABLE_MODULES = YES;
				CLANG_ENABLE_OBJC_ARC = YES;
				CLANG_WARN_BOOL_CONVERSION = YES;
				CLANG_WARN_CONSTANT_CONVERSION = YES;
				CLANG_WARN_DIRECT_OBJC_ISA_USAGE = YES_ERROR;
				CLANG_WARN_EMPTY_BODY = YES;
				CLANG_WARN_ENUM_CONVERSION = YES;
				CLANG_WARN_INT_CONVERSION = YES;
				CLANG_WARN_OBJC_ROOT_CLASS = YES_ERROR;
				CLANG_WARN__DUPLICATE_METHOD_MATCH = YES;
				"CODE_SIGN_IDENTITY[sdk=iphoneos*]" = "iPhone Developer";
				COPY_PHASE_STRIP = NO;
				GCC_C_LANGUAGE_STANDARD = gnu99;
				GCC_DYNAMIC_NO_PIC = NO;
				GCC_OPTIMIZATION_LEVEL = 0;
				GCC_PREPROCESSOR_DEFINITIONS = (
					"DEBUG=1",
					"$(inherited)",
				);
				GCC_SYMBOLS_PRIVATE_EXTERN = NO;
				GCC_WARN_64_TO_32_BIT_CONVERSION = YES;
				GCC_WARN_ABOUT_RETURN_TYPE = YES_ERROR;
				GCC_WARN_UNDECLARED_SELECTOR = YES;
				GCC_WARN_UNINITIALIZED_AUTOS = YES_AGGRESSIVE;
				GCC_WARN_UNUSED_FUNCTION = YES;
				GCC_WARN_UNUSED_VARIABLE = YES;
				IPHONEOS_DEPLOYMENT_TARGET = 7.1;
				ONLY_ACTIVE_ARCH = YES;
				SDKROOT = iphoneos;
			};
			name = Debug;
		};
		DECADBFA1961EA310024D067 /* Release */ = {
			isa = XCBuildConfiguration;
			buildSettings = {
				ALWAYS_SEARCH_USER_PATHS = NO;
				CLANG_CXX_LANGUAGE_STANDARD = "gnu++0x";
				CLANG_CXX_LIBRARY = "libc++";
				CLANG_ENABLE_MODULES = YES;
				CLANG_ENABLE_OBJC_ARC = YES;
				CLANG_WARN_BOOL_CONVERSION = YES;
				CLANG_WARN_CONSTANT_CONVERSION = YES;
				CLANG_WARN_DIRECT_OBJC_ISA_USAGE = YES_ERROR;
				CLANG_WARN_EMPTY_BODY = YES;
				CLANG_WARN_ENUM_CONVERSION = YES;
				CLANG_WARN_INT_CONVERSION = YES;
				CLANG_WARN_OBJC_ROOT_CLASS = YES_ERROR;
				CLANG_WARN__DUPLICATE_METHOD_MATCH = YES;
				"CODE_SIGN_IDENTITY[sdk=iphoneos*]" = "iPhone Developer";
				COPY_PHASE_STRIP = YES;
				ENABLE_NS_ASSERTIONS = NO;
				GCC_C_LANGUAGE_STANDARD = gnu99;
				GCC_WARN_64_TO_32_BIT_CONVERSION = YES;
				GCC_WARN_ABOUT_RETURN_TYPE = YES_ERROR;
				GCC_WARN_UNDECLARED_SELECTOR = YES;
				GCC_WARN_UNINITIALIZED_AUTOS = YES_AGGRESSIVE;
				GCC_WARN_UNUSED_FUNCTION = YES;
				GCC_WARN_UNUSED_VARIABLE = YES;
				IPHONEOS_DEPLOYMENT_TARGET = 7.1;
				SDKROOT = iphoneos;
				VALIDATE_PRODUCT = YES;
			};
			name = Release;
		};
		DECADBFC1961EA310024D067 /* Debug */ = {
			isa = XCBuildConfiguration;
			buildSettings = {
				CODE_SIGN_IDENTITY = "iPhone Developer";
				"CODE_SIGN_IDENTITY[sdk=iphoneos*]" = "iPhone Developer";
				FRAMEWORK_SEARCH_PATHS = (
					"$(inherited)",
					"$(PROJECT_DIR)/Libs",
					"$(DEVELOPER_FRAMEWORKS_DIR)",
				);
				GCC_PRECOMPILE_PREFIX_HEADER = YES;
				GCC_PREFIX_HEADER = "Parrot/Parrot-Prefix.pch";
				INFOPLIST_FILE = "Parrot/Parrot-Info.plist";
				PRODUCT_NAME = "$(TARGET_NAME)";
				PROVISIONING_PROFILE = "";
				WRAPPER_EXTENSION = app;
			};
			name = Debug;
		};
		DECADBFD1961EA310024D067 /* Release */ = {
			isa = XCBuildConfiguration;
			buildSettings = {
				CODE_SIGN_IDENTITY = "iPhone Developer";
				"CODE_SIGN_IDENTITY[sdk=iphoneos*]" = "iPhone Developer";
				FRAMEWORK_SEARCH_PATHS = (
					"$(inherited)",
					"$(PROJECT_DIR)/Libs",
					"$(DEVELOPER_FRAMEWORKS_DIR)",
				);
				GCC_PRECOMPILE_PREFIX_HEADER = YES;
				GCC_PREFIX_HEADER = "Parrot/Parrot-Prefix.pch";
				INFOPLIST_FILE = "Parrot/Parrot-Info.plist";
				PRODUCT_NAME = "$(TARGET_NAME)";
				PROVISIONING_PROFILE = "";
				WRAPPER_EXTENSION = app;
			};
			name = Release;
		};
		DECADBFF1961EA310024D067 /* Debug */ = {
			isa = XCBuildConfiguration;
			buildSettings = {
				BUNDLE_LOADER = "$(BUILT_PRODUCTS_DIR)/Parrot.app/Parrot";
				FRAMEWORK_SEARCH_PATHS = (
					"$(SDKROOT)/Developer/Library/Frameworks",
					"$(inherited)",
					"$(DEVELOPER_FRAMEWORKS_DIR)",
				);
				GCC_PRECOMPILE_PREFIX_HEADER = YES;
				GCC_PREFIX_HEADER = "Parrot/Parrot-Prefix.pch";
				GCC_PREPROCESSOR_DEFINITIONS = (
					"DEBUG=1",
					"$(inherited)",
				);
				INFOPLIST_FILE = "ParrotTests/ParrotTests-Info.plist";
				PRODUCT_NAME = "$(TARGET_NAME)";
				TEST_HOST = "$(BUNDLE_LOADER)";
				WRAPPER_EXTENSION = xctest;
			};
			name = Debug;
		};
		DECADC001961EA310024D067 /* Release */ = {
			isa = XCBuildConfiguration;
			buildSettings = {
				BUNDLE_LOADER = "$(BUILT_PRODUCTS_DIR)/Parrot.app/Parrot";
				FRAMEWORK_SEARCH_PATHS = (
					"$(SDKROOT)/Developer/Library/Frameworks",
					"$(inherited)",
					"$(DEVELOPER_FRAMEWORKS_DIR)",
				);
				GCC_PRECOMPILE_PREFIX_HEADER = YES;
				GCC_PREFIX_HEADER = "Parrot/Parrot-Prefix.pch";
				INFOPLIST_FILE = "ParrotTests/ParrotTests-Info.plist";
				PRODUCT_NAME = "$(TARGET_NAME)";
				TEST_HOST = "$(BUNDLE_LOADER)";
				WRAPPER_EXTENSION = xctest;
			};
			name = Release;
		};
/* End XCBuildConfiguration section */

/* Begin XCConfigurationList section */
		DECADBC41961EA300024D067 /* Build configuration list for PBXProject "Parrot" */ = {
			isa = XCConfigurationList;
			buildConfigurations = (
				DECADBF91961EA310024D067 /* Debug */,
				DECADBFA1961EA310024D067 /* Release */,
			);
			defaultConfigurationIsVisible = 0;
			defaultConfigurationName = Release;
		};
		DECADBFB1961EA310024D067 /* Build configuration list for PBXNativeTarget "Parrot" */ = {
			isa = XCConfigurationList;
			buildConfigurations = (
				DECADBFC1961EA310024D067 /* Debug */,
				DECADBFD1961EA310024D067 /* Release */,
			);
			defaultConfigurationIsVisible = 0;
			defaultConfigurationName = Release;
		};
		DECADBFE1961EA310024D067 /* Build configuration list for PBXNativeTarget "ParrotTests" */ = {
			isa = XCConfigurationList;
			buildConfigurations = (
				DECADBFF1961EA310024D067 /* Debug */,
				DECADC001961EA310024D067 /* Release */,
			);
			defaultConfigurationIsVisible = 0;
			defaultConfigurationName = Release;
		};
/* End XCConfigurationList section */
	};
	rootObject = DECADBC11961EA300024D067 /* Project object */;
}
